
Microsoft Visual Studio Solution File, Format Version 12.00
# Visual Studio Version 16
VisualStudioVersion = 16.0.31321.278
MinimumVisualStudioVersion = 10.0.40219.1
Project("{FAE04EC0-301F-11D3-BF4B-00C04F79EFBC}") = "TestingLab1Library", "TestingLab1Library.csproj", "{B7D97E2F-9204-4CE2-B1E3-00AC7E100CD6}"
EndProject
Global
	GlobalSection(SolutionConfigurationPlatforms) = preSolution
		Debug|Any CPU = Debug|Any CPU
		Release|Any CPU = Release|Any CPU
	EndGlobalSection
	GlobalSection(ProjectConfigurationPlatforms) = postSolution
		{B7D97E2F-9204-4CE2-B1E3-00AC7E100CD6}.Debug|Any CPU.ActiveCfg = Debug|Any CPU
		{B7D97E2F-9204-4CE2-B1E3-00AC7E100CD6}.Debug|Any CPU.Build.0 = Debug|Any CPU
		{B7D97E2F-9204-4CE2-B1E3-00AC7E100CD6}.Release|Any CPU.ActiveCfg = Release|Any CPU
		{B7D97E2F-9204-4CE2-B1E3-00AC7E100CD6}.Release|Any CPU.Build.0 = Release|Any CPU
	EndGlobalSection
	GlobalSection(SolutionProperties) = preSolution
		HideSolutionNode = FALSE
	EndGlobalSection
	GlobalSection(ExtensibilityGlobals) = postSolution
		SolutionGuid = {0A426FA3-6854-4111-9A2D-04587FDFDEE2}
	EndGlobalSection
EndGlobal
